// !$*UTF8*$!
{
	archiveVersion = 1;
	classes = {
	};
	objectVersion = 50;
	objects = {

/* Begin PBXBuildFile section */
		DFC22E5B2223FFC200A2661D /* AppDelegate.swift in Sources */ = {isa = PBXBuildFile; fileRef = DFC22E5A2223FFC200A2661D /* AppDelegate.swift */; };
		DFC22E5D2223FFC200A2661D /* ViewController.swift in Sources */ = {isa = PBXBuildFile; fileRef = DFC22E5C2223FFC200A2661D /* ViewController.swift */; };
		DFC22E602223FFC200A2661D /* Main.storyboard in Resources */ = {isa = PBXBuildFile; fileRef = DFC22E5E2223FFC200A2661D /* Main.storyboard */; };
		DFC22E632223FFC200A2661D /* Github_Search.xcdatamodeld in Sources */ = {isa = PBXBuildFile; fileRef = DFC22E612223FFC200A2661D /* Github_Search.xcdatamodeld */; };
		DFC22E652223FFC300A2661D /* Assets.xcassets in Resources */ = {isa = PBXBuildFile; fileRef = DFC22E642223FFC300A2661D /* Assets.xcassets */; };
		DFC22E682223FFC300A2661D /* LaunchScreen.storyboard in Resources */ = {isa = PBXBuildFile; fileRef = DFC22E662223FFC300A2661D /* LaunchScreen.storyboard */; };
/* End PBXBuildFile section */

/* Begin PBXFileReference section */
		DFC22E572223FFC200A2661D /* Github Search.app */ = {isa = PBXFileReference; explicitFileType = wrapper.application; includeInIndex = 0; path = "Github Search.app"; sourceTree = BUILT_PRODUCTS_DIR; };
		DFC22E5A2223FFC200A2661D /* AppDelegate.swift */ = {isa = PBXFileReference; lastKnownFileType = sourcecode.swift; path = AppDelegate.swift; sourceTree = "<group>"; };
		DFC22E5C2223FFC200A2661D /* ViewController.swift */ = {isa = PBXFileReference; lastKnownFileType = sourcecode.swift; path = ViewController.swift; sourceTree = "<group>"; };
		DFC22E5F2223FFC200A2661D /* Base */ = {isa = PBXFileReference; lastKnownFileType = file.storyboard; name = Base; path = Base.lproj/Main.storyboard; sourceTree = "<group>"; };
		DFC22E622223FFC200A2661D /* Github_Search.xcdatamodel */ = {isa = PBXFileReference; lastKnownFileType = wrapper.xcdatamodel; path = Github_Search.xcdatamodel; sourceTree = "<group>"; };
		DFC22E642223FFC300A2661D /* Assets.xcassets */ = {isa = PBXFileReference; lastKnownFileType = folder.assetcatalog; path = Assets.xcassets; sourceTree = "<group>"; };
		DFC22E672223FFC300A2661D /* Base */ = {isa = PBXFileReference; lastKnownFileType = file.storyboard; name = Base; path = Base.lproj/LaunchScreen.storyboard; sourceTree = "<group>"; };
		DFC22E692223FFC300A2661D /* Info.plist */ = {isa = PBXFileReference; lastKnownFileType = text.plist.xml; path = Info.plist; sourceTree = "<group>"; };
/* End PBXFileReference section */

/* Begin PBXFrameworksBuildPhase section */
		DFC22E542223FFC200A2661D /* Frameworks */ = {
			isa = PBXFrameworksBuildPhase;
			buildActionMask = 2147483647;
			files = (
			);
			runOnlyForDeploymentPostprocessing = 0;
		};
/* End PBXFrameworksBuildPhase section */

/* Begin PBXGroup section */
		DFC22E4E2223FFC200A2661D = {
			isa = PBXGroup;
			children = (
				DFC22E592223FFC200A2661D /* Github Search */,
				DFC22E582223FFC200A2661D /* Products */,
			);
			sourceTree = "<group>";
		};
		DFC22E582223FFC200A2661D /* Products */ = {
			isa = PBXGroup;
			children = (
				DFC22E572223FFC200A2661D /* Github Search.app */,
			);
			name = Products;
			sourceTree = "<group>";
		};
		DFC22E592223FFC200A2661D /* Github Search */ = {
			isa = PBXGroup;
			children = (
				DFC22E5A2223FFC200A2661D /* AppDelegate.swift */,
				DFC22E5C2223FFC200A2661D /* ViewController.swift */,
				DFC22E5E2223FFC200A2661D /* Main.storyboard */,
				DFC22E642223FFC300A2661D /* Assets.xcassets */,
				DFC22E662223FFC300A2661D /* LaunchScreen.storyboard */,
				DFC22E692223FFC300A2661D /* Info.plist */,
				DFC22E612223FFC200A2661D /* Github_Search.xcdatamodeld */,
			);
			path = "Github Search";
			sourceTree = "<group>";
		};
/* End PBXGroup section */

/* Begin PBXNativeTarget section */
		DFC22E562223FFC200A2661D /* Github Search */ = {
			isa = PBXNativeTarget;
			buildConfigurationList = DFC22E6C2223FFC300A2661D /* Build configuration list for PBXNativeTarget "Github Search" */;
			buildPhases = (
				DFC22E532223FFC200A2661D /* Sources */,
				DFC22E542223FFC200A2661D /* Frameworks */,
				DFC22E552223FFC200A2661D /* Resources */,
			);
			buildRules = (
			);
			dependencies = (
			);
			name = "Github Search";
			productName = "Github Search";
			productReference = DFC22E572223FFC200A2661D /* Github Search.app */;
			productType = "com.apple.product-type.application";
		};
/* End PBXNativeTarget section */

/* Begin PBXProject section */
		DFC22E4F2223FFC200A2661D /* Project object */ = {
			isa = PBXProject;
			attributes = {
				LastSwiftUpdateCheck = 1010;
				LastUpgradeCheck = 1010;
				ORGANIZATIONNAME = "Yermakov Anton";
				TargetAttributes = {
					DFC22E562223FFC200A2661D = {
						CreatedOnToolsVersion = 10.1;
					};
				};
			};
			buildConfigurationList = DFC22E522223FFC200A2661D /* Build configuration list for PBXProject "Github Search" */;
			compatibilityVersion = "Xcode 9.3";
			developmentRegion = en;
			hasScannedForEncodings = 0;
			knownRegions = (
				en,
				Base,
			);
			mainGroup = DFC22E4E2223FFC200A2661D;
			productRefGroup = DFC22E582223FFC200A2661D /* Products */;
			projectDirPath = "";
			projectRoot = "";
			targets = (
				DFC22E562223FFC200A2661D /* Github Search */,
			);
		};
/* End PBXProject section */

/* Begin PBXResourcesBuildPhase section */
		DFC22E552223FFC200A2661D /* Resources */ = {
			isa = PBXResourcesBuildPhase;
			buildActionMask = 2147483647;
			files = (
				DFC22E682223FFC300A2661D /* LaunchScreen.storyboard in Resources */,
				DFC22E652223FFC300A2661D /* Assets.xcassets in Resources */,
				DFC22E602223FFC200A2661D /* Main.storyboard in Resources */,
			);
			runOnlyForDeploymentPostprocessing = 0;
		};
/* End PBXResourcesBuildPhase section */

/* Begin PBXSourcesBuildPhase section */
		DFC22E532223FFC200A2661D /* Sources */ = {
			isa = PBXSourcesBuildPhase;
			buildActionMask = 2147483647;
			files = (
				DFC22E5D2223FFC200A2661D /* ViewController.swift in Sources */,
				DFC22E5B2223FFC200A2661D /* AppDelegate.swift in Sources */,
				DFC22E632223FFC200A2661D /* Github_Search.xcdatamodeld in Sources */,
			);
			runOnlyForDeploymentPostprocessing = 0;
		};
/* End PBXSourcesBuildPhase section */

/* Begin PBXVariantGroup section */
		DFC22E5E2223FFC200A2661D /* Main.storyboard */ = {
			isa = PBXVariantGroup;
			children = (
				DFC22E5F2223FFC200A2661D /* Base */,
			);
			name = Main.storyboard;
			sourceTree = "<group>";
		};
		DFC22E662223FFC300A2661D /* LaunchScreen.storyboard */ = {
			isa = PBXVariantGroup;
			children = (
				DFC22E672223FFC300A2661D /* Base */,
			);
			name = LaunchScreen.storyboard;
			sourceTree = "<group>";
		};
/* End PBXVariantGroup section */

/* Begin XCBuildConfiguration section */
		DFC22E6A2223FFC300A2661D /* Debug */ = {
			isa = XCBuildConfiguration;
			buildSettings = {
				ALWAYS_SEARCH_USER_PATHS = NO;
				CLANG_ANALYZER_NONNULL = YES;
				CLANG_ANALYZER_NUMBER_OBJECT_CONVERSION = YES_AGGRESSIVE;
				CLANG_CXX_LANGUAGE_STANDARD = "gnu++14";
				CLANG_CXX_LIBRARY = "libc++";
				CLANG_ENABLE_MODULES = YES;
				CLANG_ENABLE_OBJC_ARC = YES;
				CLANG_ENABLE_OBJC_WEAK = YES;
				CLANG_WARN_BLOCK_CAPTURE_AUTORELEASING = YES;
				CLANG_WARN_BOOL_CONVERSION = YES;
				CLANG_WARN_COMMA = YES;
				CLANG_WARN_CONSTANT_CONVERSION = YES;
				CLANG_WARN_DEPRECATED_OBJC_IMPLEMENTATIONS = YES;
				CLANG_WARN_DIRECT_OBJC_ISA_USAGE = YES_ERROR;
				CLANG_WARN_DOCUMENTATION_COMMENTS = YES;
				CLANG_WARN_EMPTY_BODY = YES;
				CLANG_WARN_ENUM_CONVERSION = YES;
				CLANG_WARN_INFINITE_RECURSION = YES;
				CLANG_WARN_INT_CONVERSION = YES;
				CLANG_WARN_NON_LITERAL_NULL_CONVERSION = YES;
				CLANG_WARN_OBJC_IMPLICIT_RETAIN_SELF = YES;
				CLANG_WARN_OBJC_LITERAL_CONVERSION = YES;
				CLANG_WARN_OBJC_ROOT_CLASS = YES_ERROR;
				CLANG_WARN_RANGE_LOOP_ANALYSIS = YES;
				CLANG_WARN_STRICT_PROTOTYPES = YES;
				CLANG_WARN_SUSPICIOUS_MOVE = YES;
				CLANG_WARN_UNGUARDED_AVAILABILITY = YES_AGGRESSIVE;
				CLANG_WARN_UNREACHABLE_CODE = YES;
				CLANG_WARN__DUPLICATE_METHOD_MATCH = YES;
				CODE_SIGN_IDENTITY = "iPhone Developer";
				COPY_PHASE_STRIP = NO;
				DEBUG_INFORMATION_FORMAT = dwarf;
				ENABLE_STRICT_OBJC_MSGSEND = YES;
				ENABLE_TESTABILITY = YES;
				GCC_C_LANGUAGE_STANDARD = gnu11;
				GCC_DYNAMIC_NO_PIC = NO;
				GCC_NO_COMMON_BLOCKS = YES;
				GCC_OPTIMIZATION_LEVEL = 0;
				GCC_PREPROCESSOR_DEFINITIONS = (
					"DEBUG=1",
					"$(inherited)",
				);
				GCC_WARN_64_TO_32_BIT_CONVERSION = YES;
				GCC_WARN_ABOUT_RETURN_TYPE = YES_ERROR;
				GCC_WARN_UNDECLARED_SELECTOR = YES;
				GCC_WARN_UNINITIALIZED_AUTOS = YES_AGGRESSIVE;
				GCC_WARN_UNUSED_FUNCTION = YES;
				GCC_WARN_UNUSED_VARIABLE = YES;
				IPHONEOS_DEPLOYMENT_TARGET = 12.1;
				MTL_ENABLE_DEBUG_INFO = INCLUDE_SOURCE;
				MTL_FAST_MATH = YES;
				ONLY_ACTIVE_ARCH = YES;
				SDKROOT = iphoneos;
				SWIFT_ACTIVE_COMPILATION_CONDITIONS = DEBUG;
				SWIFT_OPTIMIZATION_LEVEL = "-Onone";
			};
			name = Debug;
		};
		DFC22E6B2223FFC300A2661D /* Release */ = {
			isa = XCBuildConfiguration;
			buildSettings = {
				ALWAYS_SEARCH_USER_PATHS = NO;
				CLANG_ANALYZER_NONNULL = YES;
				CLANG_ANALYZER_NUMBER_OBJECT_CONVERSION = YES_AGGRESSIVE;
				CLANG_CXX_LANGUAGE_STANDARD = "gnu++14";
				CLANG_CXX_LIBRARY = "libc++";
				CLANG_ENABLE_MODULES = YES;
				CLANG_ENABLE_OBJC_ARC = YES;
				CLANG_ENABLE_OBJC_WEAK = YES;
				CLANG_WARN_BLOCK_CAPTURE_AUTORELEASING = YES;
				CLANG_WARN_BOOL_CONVERSION = YES;
				CLANG_WARN_COMMA = YES;
				CLANG_WARN_CONSTANT_CONVERSION = YES;
				CLANG_WARN_DEPRECATED_OBJC_IMPLEMENTATIONS = YES;
				CLANG_WARN_DIRECT_OBJC_ISA_USAGE = YES_ERROR;
				CLANG_WARN_DOCUMENTATION_COMMENTS = YES;
				CLANG_WARN_EMPTY_BODY = YES;
				CLANG_WARN_ENUM_CONVERSION = YES;
				CLANG_WARN_INFINITE_RECURSION = YES;
				CLANG_WARN_INT_CONVERSION = YES;
				CLANG_WARN_NON_LITERAL_NULL_CONVERSION = YES;
				CLANG_WARN_OBJC_IMPLICIT_RETAIN_SELF = YES;
				CLANG_WARN_OBJC_LITERAL_CONVERSION = YES;
				CLANG_WARN_OBJC_ROOT_CLASS = YES_ERROR;
				CLANG_WARN_RANGE_LOOP_ANALYSIS = YES;
				CLANG_WARN_STRICT_PROTOTYPES = YES;
				CLANG_WARN_SUSPICIOUS_MOVE = YES;
				CLANG_WARN_UNGUARDED_AVAILABILITY = YES_AGGRESSIVE;
				CLANG_WARN_UNREACHABLE_CODE = YES;
				CLANG_WARN__DUPLICATE_METHOD_MATCH = YES;
				CODE_SIGN_IDENTITY = "iPhone Developer";
				COPY_PHASE_STRIP = NO;
				DEBUG_INFORMATION_FORMAT = "dwarf-with-dsym";
				ENABLE_NS_ASSERTIONS = NO;
				ENABLE_STRICT_OBJC_MSGSEND = YES;
				GCC_C_LANGUAGE_STANDARD = gnu11;
				GCC_NO_COMMON_BLOCKS = YES;
				GCC_WARN_64_TO_32_BIT_CONVERSION = YES;
				GCC_WARN_ABOUT_RETURN_TYPE = YES_ERROR;
				GCC_WARN_UNDECLARED_SELECTOR = YES;
				GCC_WARN_UNINITIALIZED_AUTOS = YES_AGGRESSIVE;
				GCC_WARN_UNUSED_FUNCTION = YES;
				GCC_WARN_UNUSED_VARIABLE = YES;
				IPHONEOS_DEPLOYMENT_TARGET = 12.1;
				MTL_ENABLE_DEBUG_INFO = NO;
				MTL_FAST_MATH = YES;
				SDKROOT = iphoneos;
				SWIFT_COMPILATION_MODE = wholemodule;
				SWIFT_OPTIMIZATION_LEVEL = "-O";
				VALIDATE_PRODUCT = YES;
			};
			name = Release;
		};
		DFC22E6D2223FFC300A2661D /* Debug */ = {
			isa = XCBuildConfiguration;
			buildSettings = {
				ASSETCATALOG_COMPILER_APPICON_NAME = AppIcon;
				CODE_SIGN_STYLE = Automatic;
				DEVELOPMENT_TEAM = 49C7VLRV8W;
				INFOPLIST_FILE = "Github Search/Info.plist";
				LD_RUNPATH_SEARCH_PATHS = (
					"$(inherited)",
					"@executable_path/Frameworks",
				);
				PRODUCT_BUNDLE_IDENTIFIER = "-77.Github-Search";
				PRODUCT_NAME = "$(TARGET_NAME)";
				SWIFT_VERSION = 4.2;
				TARGETED_DEVICE_FAMILY = "1,2";
			};
			name = Debug;
		};
		DFC22E6E2223FFC300A2661D /* Release */ = {
			isa = XCBuildConfiguration;
			buildSettings = {
				ASSETCATALOG_COMPILER_APPICON_NAME = AppIcon;
				CODE_SIGN_STYLE = Automatic;
				DEVELOPMENT_TEAM = 49C7VLRV8W;
				INFOPLIST_FILE = "Github Search/Info.plist";
				LD_RUNPATH_SEARCH_PATHS = (
					"$(inherited)",
					"@executable_path/Frameworks",
				);
				PRODUCT_BUNDLE_IDENTIFIER = "-77.Github-Search";
				PRODUCT_NAME = "$(TARGET_NAME)";
				SWIFT_VERSION = 4.2;
				TARGETED_DEVICE_FAMILY = "1,2";
			};
			name = Release;
		};
/* End XCBuildConfiguration section */

/* Begin XCConfigurationList section */
		DFC22E522223FFC200A2661D /* Build configuration list for PBXProject "Github Search" */ = {
			isa = XCConfigurationList;
			buildConfigurations = (
				DFC22E6A2223FFC300A2661D /* Debug */,
				DFC22E6B2223FFC300A2661D /* Release */,
			);
			defaultConfigurationIsVisible = 0;
			defaultConfigurationName = Release;
		};
		DFC22E6C2223FFC300A2661D /* Build configuration list for PBXNativeTarget "Github Search" */ = {
			isa = XCConfigurationList;
			buildConfigurations = (
				DFC22E6D2223FFC300A2661D /* Debug */,
				DFC22E6E2223FFC300A2661D /* Release */,
			);
			defaultConfigurationIsVisible = 0;
			defaultConfigurationName = Release;
		};
/* End XCConfigurationList section */

/* Begin XCVersionGroup section */
		DFC22E612223FFC200A2661D /* Github_Search.xcdatamodeld */ = {
			isa = XCVersionGroup;
			children = (
				DFC22E622223FFC200A2661D /* Github_Search.xcdatamodel */,
			);
			currentVersion = DFC22E622223FFC200A2661D /* Github_Search.xcdatamodel */;
			path = Github_Search.xcdatamodeld;
			sourceTree = "<group>";
			versionGroupType = wrapper.xcdatamodel;
		};
/* End XCVersionGroup section */
	};
	rootObject = DFC22E4F2223FFC200A2661D /* Project object */;
}
